// !$*UTF8*$!
{
	archiveVersion = 1;
	classes = {
	};
	objectVersion = 46;
	objects = {

/* Begin PBXAggregateTarget section */
		16446089644F4758A43E9D76 /* install */ = {
			isa = PBXAggregateTarget;
			buildConfigurationList = CCA2CF252B3E4BA1BA7C5584 /* Build configuration list for PBXAggregateTarget "install" */;
			buildPhases = (
				93426DA6A4AC2C2AC9CE883C /* CMake PostBuild Rules */,
			);
			dependencies = (
				F990423A20344B5283481493 /* PBXTargetDependency */,
			);
			name = install;
			productName = install;
		};
		4EFD69B515774D9DB70AD6B4 /* ALL_BUILD */ = {
			isa = PBXAggregateTarget;
			buildConfigurationList = CC003C2357C54202862EBD0F /* Build configuration list for PBXAggregateTarget "ALL_BUILD" */;
			buildPhases = (
				0880ABFCAABBB06B398F241F /* Generate CMakeFiles/ALL_BUILD */,
			);
			dependencies = (
				8C9DAB36189045449F61120A /* PBXTargetDependency */,
				D2FB08B3569E44378F72883D /* PBXTargetDependency */,
			);
			name = ALL_BUILD;
			productName = ALL_BUILD;
		};
		C6670F69049C4541A160A7B8 /* ZERO_CHECK */ = {
			isa = PBXAggregateTarget;
			buildConfigurationList = B8452D757ACF429198E44C6C /* Build configuration list for PBXAggregateTarget "ZERO_CHECK" */;
			buildPhases = (
				6CA44D7354B5F790D74E1970 /* Generate CMakeFiles/ZERO_CHECK */,
			);
			dependencies = (
			);
			name = ZERO_CHECK;
			productName = ZERO_CHECK;
		};
/* End PBXAggregateTarget section */

/* Begin PBXBuildFile section */
		0CB2D0288DDE4052A5AFEEA8 /* /Users/bernardocohen/repos/numericalRecipes/cpp/include/numRec_bits/tridag.hpp */ = {isa = PBXBuildFile; fileRef = 8DF23C31934249DCAE439DB7 /* /Users/bernardocohen/repos/numericalRecipes/cpp/include/numRec_bits/tridag.hpp */; };
		0F3694FE8BBC4927A6DC17EA /* /Users/bernardocohen/repos/numericalRecipes/cpp/include/numRec_bits/nr.hpp */ = {isa = PBXBuildFile; fileRef = 62502D5781564A2097AF4644 /* /Users/bernardocohen/repos/numericalRecipes/cpp/include/numRec_bits/nr.hpp */; };
		0F91A28BF37146378E73F142 /* /Users/bernardocohen/repos/numericalRecipes/cpp/include/numRec_bits/vander.hpp */ = {isa = PBXBuildFile; fileRef = AF16D2997AAF40AB8E3998FE /* /Users/bernardocohen/repos/numericalRecipes/cpp/include/numRec_bits/vander.hpp */; };
		11F50B94F3674E6BBD2DA3E4 /* /Users/bernardocohen/repos/numericalRecipes/cpp/include/numRec_bits/toeplz.hpp */ = {isa = PBXBuildFile; fileRef = C53854496352412492C8F570 /* /Users/bernardocohen/repos/numericalRecipes/cpp/include/numRec_bits/toeplz.hpp */; };
		2DB7A3AD71E6449F8F905016 /* /Users/bernardocohen/repos/numericalRecipes/cpp/include/numRec_bits/interp_1d.hpp */ = {isa = PBXBuildFile; fileRef = BDACA91580604EF9A8F9CFBD /* /Users/bernardocohen/repos/numericalRecipes/cpp/include/numRec_bits/interp_1d.hpp */; };
		33D0CED80ECF48D9A5326FEF /* /Users/bernardocohen/repos/numericalRecipes/cpp/src/ludcmp.cpp */ = {isa = PBXBuildFile; fileRef = F8920363530C43BE8DF88F66 /* /Users/bernardocohen/repos/numericalRecipes/cpp/src/ludcmp.cpp */; };
		3E748421C60E42AD8DA13367 /* /Users/bernardocohen/repos/numericalRecipes/cpp/src/interp_linear.cpp */ = {isa = PBXBuildFile; fileRef = 3F53A553682B42C880CFCDC3 /* /Users/bernardocohen/repos/numericalRecipes/cpp/src/interp_linear.cpp */; };
		4B59E8B1467E4270B3A45396 /* /Users/bernardocohen/repos/numericalRecipes/cpp/src/svd.cpp */ = {isa = PBXBuildFile; fileRef = 8B368CFEFBD8457CA274E05A /* /Users/bernardocohen/repos/numericalRecipes/cpp/src/svd.cpp */; };
		53029CDE78964EA5B1731A0A /* /Users/bernardocohen/repos/numericalRecipes/cpp/src/qrdcmp.cpp */ = {isa = PBXBuildFile; fileRef = E371C371C0F54B59BFC78F2A /* /Users/bernardocohen/repos/numericalRecipes/cpp/src/qrdcmp.cpp */; };
		5637AA69803344F6894A57DA /* /Users/bernardocohen/repos/numericalRecipes/cpp/include/numRec_bits/cholesky.hpp */ = {isa = PBXBuildFile; fileRef = 00072D97DC064763862D7382 /* /Users/bernardocohen/repos/numericalRecipes/cpp/include/numRec_bits/cholesky.hpp */; };
		64EFEDA1C4744A3DAE832FA3 /* /Users/bernardocohen/repos/numericalRecipes/cpp/include/numRec_bits/interp_linear.hpp */ = {isa = PBXBuildFile; fileRef = A138A751912C47B3B850EFD6 /* /Users/bernardocohen/repos/numericalRecipes/cpp/include/numRec_bits/interp_linear.hpp */; };
		7132A3C1F4E04D84858B2164 /* /Users/bernardocohen/repos/numericalRecipes/cpp/include/numRec_bits/svd.hpp */ = {isa = PBXBuildFile; fileRef = C9FD54549E4B42B8B81C70E0 /* /Users/bernardocohen/repos/numericalRecipes/cpp/include/numRec_bits/svd.hpp */; };
		736D9D3CC85A4E7F91384E94 /* /Users/bernardocohen/repos/numericalRecipes/cpp/include/numRec_bits/banded.hpp */ = {isa = PBXBuildFile; fileRef = 31B4A36678874E959405FE08 /* /Users/bernardocohen/repos/numericalRecipes/cpp/include/numRec_bits/banded.hpp */; };
		8290DA0CAF3C44698C1BF742 /* /Users/bernardocohen/repos/numericalRecipes/cpp/src/cholesky.cpp */ = {isa = PBXBuildFile; fileRef = DFBEA226CA0342EC9DF2AA4B /* /Users/bernardocohen/repos/numericalRecipes/cpp/src/cholesky.cpp */; };
		8B8DA642C6ED4EC39AF983D6 /* /Users/bernardocohen/repos/numericalRecipes/cpp/CMakeLists.txt */ = {isa = PBXBuildFile; fileRef = 9A566421BB0F4982874CFC42 /* /Users/bernardocohen/repos/numericalRecipes/cpp/CMakeLists.txt */; };
		9055CEB1185749389FEBAD1E /* /Users/bernardocohen/repos/numericalRecipes/cpp/src/tridag.cpp */ = {isa = PBXBuildFile; fileRef = 4407F503BC1141E39D7D6510 /* /Users/bernardocohen/repos/numericalRecipes/cpp/src/tridag.cpp */; };
		B664BE31BECD4ABDB666FF97 /* /Users/bernardocohen/repos/numericalRecipes/cpp/src/toeplz.cpp */ = {isa = PBXBuildFile; fileRef = 9FF6771F37214E8E969885A9 /* /Users/bernardocohen/repos/numericalRecipes/cpp/src/toeplz.cpp */; };
		BD81E94DAF9B4C77B4E619F0 /* /Users/bernardocohen/repos/numericalRecipes/cpp/src/vander.cpp */ = {isa = PBXBuildFile; fileRef = 55420CEDC80D451795D294B3 /* /Users/bernardocohen/repos/numericalRecipes/cpp/src/vander.cpp */; };
		CB60193174A1446EBA850EA2 /* /Users/bernardocohen/repos/numericalRecipes/cpp/include/numRec_bits/ludcmp.hpp */ = {isa = PBXBuildFile; fileRef = 7083F0908765434F96D556E0 /* /Users/bernardocohen/repos/numericalRecipes/cpp/include/numRec_bits/ludcmp.hpp */; };
		CE327A37383A46AC9C560213 /* /Users/bernardocohen/repos/numericalRecipes/cpp/src/interp_1d.cpp */ = {isa = PBXBuildFile; fileRef = 35B1EA9A8FC840BF915E6D2B /* /Users/bernardocohen/repos/numericalRecipes/cpp/src/interp_1d.cpp */; };
		D1CC8348B515423F9EDE7668 /* /Users/bernardocohen/repos/numericalRecipes/cpp/src/nr.cpp */ = {isa = PBXBuildFile; fileRef = C1936C7356C842BA91349FD2 /* /Users/bernardocohen/repos/numericalRecipes/cpp/src/nr.cpp */; };
		EEFF917B27204158864A6CBE /* /Users/bernardocohen/repos/numericalRecipes/cpp/src/gaussj.cpp */ = {isa = PBXBuildFile; fileRef = EE9BAA155F7B4186B7F17205 /* /Users/bernardocohen/repos/numericalRecipes/cpp/src/gaussj.cpp */; };
		F1ABFC6EDDA84B2D96AA3DED /* /Users/bernardocohen/repos/numericalRecipes/cpp/include/numRec_bits/gaussj.hpp */ = {isa = PBXBuildFile; fileRef = 0F942FD7286C4136AC4364FB /* /Users/bernardocohen/repos/numericalRecipes/cpp/include/numRec_bits/gaussj.hpp */; };
		F56A80D89C42474C99AA930E /* /Users/bernardocohen/repos/numericalRecipes/cpp/include/numRec_bits/qrdcmp.hpp */ = {isa = PBXBuildFile; fileRef = C81749E85ECC4C46AA8CE4FA /* /Users/bernardocohen/repos/numericalRecipes/cpp/include/numRec_bits/qrdcmp.hpp */; };
		F79810FC6922455F9C6FD55D /* /Users/bernardocohen/repos/numericalRecipes/cpp/src/banded.cpp */ = {isa = PBXBuildFile; fileRef = CC36F9A6211C4E0DBE1EF25C /* /Users/bernardocohen/repos/numericalRecipes/cpp/src/banded.cpp */; };
/* End PBXBuildFile section */

/* Begin PBXBuildStyle section */
		1A96078431F34DEB9A76FEE5 /* Release */ = {
			isa = PBXBuildStyle;
			buildSettings = {
				COPY_PHASE_STRIP = NO;
			};
			name = Release;
		};
		A47E74AD6C1A481BAFDA31DF /* RelWithDebInfo */ = {
			isa = PBXBuildStyle;
			buildSettings = {
				COPY_PHASE_STRIP = NO;
			};
			name = RelWithDebInfo;
		};
		B2D3BFC99EBC412D8FA9F0D9 /* MinSizeRel */ = {
			isa = PBXBuildStyle;
			buildSettings = {
				COPY_PHASE_STRIP = NO;
			};
			name = MinSizeRel;
		};
		F75CFB4B9C944FA29E5C54BA /* Debug */ = {
			isa = PBXBuildStyle;
			buildSettings = {
				COPY_PHASE_STRIP = NO;
			};
			name = Debug;
		};
/* End PBXBuildStyle section */

/* Begin PBXContainerItemProxy section */
		27E69C15D9AB4A00B7119D3E /* PBXContainerItemProxy */ = {
			isa = PBXContainerItemProxy;
			containerPortal = 598D6B172FC64D03A1CEF0E9 /* Project object */;
			proxyType = 1;
			remoteGlobalIDString = 03814720AAB246B18264C3AC;
			remoteInfo = numRec;
		};
		2BB7961145164E79AD11000A /* PBXContainerItemProxy */ = {
			isa = PBXContainerItemProxy;
			containerPortal = 598D6B172FC64D03A1CEF0E9 /* Project object */;
			proxyType = 1;
			remoteGlobalIDString = C6670F69049C4541A160A7B8;
			remoteInfo = ZERO_CHECK;
		};
		9223D77F450C4A7A8FD62778 /* PBXContainerItemProxy */ = {
			isa = PBXContainerItemProxy;
			containerPortal = 598D6B172FC64D03A1CEF0E9 /* Project object */;
			proxyType = 1;
			remoteGlobalIDString = C6670F69049C4541A160A7B8;
			remoteInfo = ZERO_CHECK;
		};
		CC532F7B76894D38AFFCC4D1 /* PBXContainerItemProxy */ = {
			isa = PBXContainerItemProxy;
			containerPortal = 598D6B172FC64D03A1CEF0E9 /* Project object */;
			proxyType = 1;
			remoteGlobalIDString = 4EFD69B515774D9DB70AD6B4;
			remoteInfo = ALL_BUILD;
		};
/* End PBXContainerItemProxy section */

/* Begin PBXFileReference section */
		00072D97DC064763862D7382 /* /Users/bernardocohen/repos/numericalRecipes/cpp/include/numRec_bits/cholesky.hpp */ = {isa = PBXFileReference; explicitFileType = sourcecode.cpp.h; fileEncoding = 4; name = cholesky.hpp; path = include/numRec_bits/cholesky.hpp; sourceTree = SOURCE_ROOT; };
		0F942FD7286C4136AC4364FB /* /Users/bernardocohen/repos/numericalRecipes/cpp/include/numRec_bits/gaussj.hpp */ = {isa = PBXFileReference; explicitFileType = sourcecode.cpp.h; fileEncoding = 4; name = gaussj.hpp; path = include/numRec_bits/gaussj.hpp; sourceTree = SOURCE_ROOT; };
		31B4A36678874E959405FE08 /* /Users/bernardocohen/repos/numericalRecipes/cpp/include/numRec_bits/banded.hpp */ = {isa = PBXFileReference; explicitFileType = sourcecode.cpp.h; fileEncoding = 4; name = banded.hpp; path = include/numRec_bits/banded.hpp; sourceTree = SOURCE_ROOT; };
		35B1EA9A8FC840BF915E6D2B /* /Users/bernardocohen/repos/numericalRecipes/cpp/src/interp_1d.cpp */ = {isa = PBXFileReference; explicitFileType = sourcecode.cpp.cpp; fileEncoding = 4; name = interp_1d.cpp; path = src/interp_1d.cpp; sourceTree = SOURCE_ROOT; };
		3F53A553682B42C880CFCDC3 /* /Users/bernardocohen/repos/numericalRecipes/cpp/src/interp_linear.cpp */ = {isa = PBXFileReference; explicitFileType = sourcecode.cpp.cpp; fileEncoding = 4; name = interp_linear.cpp; path = src/interp_linear.cpp; sourceTree = SOURCE_ROOT; };
		4407F503BC1141E39D7D6510 /* /Users/bernardocohen/repos/numericalRecipes/cpp/src/tridag.cpp */ = {isa = PBXFileReference; explicitFileType = sourcecode.cpp.cpp; fileEncoding = 4; name = tridag.cpp; path = src/tridag.cpp; sourceTree = SOURCE_ROOT; };
		55420CEDC80D451795D294B3 /* /Users/bernardocohen/repos/numericalRecipes/cpp/src/vander.cpp */ = {isa = PBXFileReference; explicitFileType = sourcecode.cpp.cpp; fileEncoding = 4; name = vander.cpp; path = src/vander.cpp; sourceTree = SOURCE_ROOT; };
		62502D5781564A2097AF4644 /* /Users/bernardocohen/repos/numericalRecipes/cpp/include/numRec_bits/nr.hpp */ = {isa = PBXFileReference; explicitFileType = sourcecode.cpp.h; fileEncoding = 4; name = nr.hpp; path = include/numRec_bits/nr.hpp; sourceTree = SOURCE_ROOT; };
		7083F0908765434F96D556E0 /* /Users/bernardocohen/repos/numericalRecipes/cpp/include/numRec_bits/ludcmp.hpp */ = {isa = PBXFileReference; explicitFileType = sourcecode.cpp.h; fileEncoding = 4; name = ludcmp.hpp; path = include/numRec_bits/ludcmp.hpp; sourceTree = SOURCE_ROOT; };
		8B368CFEFBD8457CA274E05A /* /Users/bernardocohen/repos/numericalRecipes/cpp/src/svd.cpp */ = {isa = PBXFileReference; explicitFileType = sourcecode.cpp.cpp; fileEncoding = 4; name = svd.cpp; path = src/svd.cpp; sourceTree = SOURCE_ROOT; };
		8DF23C31934249DCAE439DB7 /* /Users/bernardocohen/repos/numericalRecipes/cpp/include/numRec_bits/tridag.hpp */ = {isa = PBXFileReference; explicitFileType = sourcecode.cpp.h; fileEncoding = 4; name = tridag.hpp; path = include/numRec_bits/tridag.hpp; sourceTree = SOURCE_ROOT; };
		9A566421BB0F4982874CFC42 /* /Users/bernardocohen/repos/numericalRecipes/cpp/CMakeLists.txt */ = {isa = PBXFileReference; explicitFileType = sourcecode.text; fileEncoding = 4; name = CMakeLists.txt; path = CMakeLists.txt; sourceTree = SOURCE_ROOT; };
		9F30047D46E242ED9C9DF0B5 /* numRec */ = {isa = PBXFileReference; explicitFileType = "compiled.mach-o.dylib"; path = libnumRec.dylib; sourceTree = BUILT_PRODUCTS_DIR; };
		9FF6771F37214E8E969885A9 /* /Users/bernardocohen/repos/numericalRecipes/cpp/src/toeplz.cpp */ = {isa = PBXFileReference; explicitFileType = sourcecode.cpp.cpp; fileEncoding = 4; name = toeplz.cpp; path = src/toeplz.cpp; sourceTree = SOURCE_ROOT; };
		A138A751912C47B3B850EFD6 /* /Users/bernardocohen/repos/numericalRecipes/cpp/include/numRec_bits/interp_linear.hpp */ = {isa = PBXFileReference; explicitFileType = sourcecode.cpp.h; fileEncoding = 4; name = interp_linear.hpp; path = include/numRec_bits/interp_linear.hpp; sourceTree = SOURCE_ROOT; };
		AF16D2997AAF40AB8E3998FE /* /Users/bernardocohen/repos/numericalRecipes/cpp/include/numRec_bits/vander.hpp */ = {isa = PBXFileReference; explicitFileType = sourcecode.cpp.h; fileEncoding = 4; name = vander.hpp; path = include/numRec_bits/vander.hpp; sourceTree = SOURCE_ROOT; };
		BDACA91580604EF9A8F9CFBD /* /Users/bernardocohen/repos/numericalRecipes/cpp/include/numRec_bits/interp_1d.hpp */ = {isa = PBXFileReference; explicitFileType = sourcecode.cpp.h; fileEncoding = 4; name = interp_1d.hpp; path = include/numRec_bits/interp_1d.hpp; sourceTree = SOURCE_ROOT; };
		C1936C7356C842BA91349FD2 /* /Users/bernardocohen/repos/numericalRecipes/cpp/src/nr.cpp */ = {isa = PBXFileReference; explicitFileType = sourcecode.cpp.cpp; fileEncoding = 4; name = nr.cpp; path = src/nr.cpp; sourceTree = SOURCE_ROOT; };
		C53854496352412492C8F570 /* /Users/bernardocohen/repos/numericalRecipes/cpp/include/numRec_bits/toeplz.hpp */ = {isa = PBXFileReference; explicitFileType = sourcecode.cpp.h; fileEncoding = 4; name = toeplz.hpp; path = include/numRec_bits/toeplz.hpp; sourceTree = SOURCE_ROOT; };
		C81749E85ECC4C46AA8CE4FA /* /Users/bernardocohen/repos/numericalRecipes/cpp/include/numRec_bits/qrdcmp.hpp */ = {isa = PBXFileReference; explicitFileType = sourcecode.cpp.h; fileEncoding = 4; name = qrdcmp.hpp; path = include/numRec_bits/qrdcmp.hpp; sourceTree = SOURCE_ROOT; };
		C9FD54549E4B42B8B81C70E0 /* /Users/bernardocohen/repos/numericalRecipes/cpp/include/numRec_bits/svd.hpp */ = {isa = PBXFileReference; explicitFileType = sourcecode.cpp.h; fileEncoding = 4; name = svd.hpp; path = include/numRec_bits/svd.hpp; sourceTree = SOURCE_ROOT; };
		CC36F9A6211C4E0DBE1EF25C /* /Users/bernardocohen/repos/numericalRecipes/cpp/src/banded.cpp */ = {isa = PBXFileReference; explicitFileType = sourcecode.cpp.cpp; fileEncoding = 4; name = banded.cpp; path = src/banded.cpp; sourceTree = SOURCE_ROOT; };
		DFBEA226CA0342EC9DF2AA4B /* /Users/bernardocohen/repos/numericalRecipes/cpp/src/cholesky.cpp */ = {isa = PBXFileReference; explicitFileType = sourcecode.cpp.cpp; fileEncoding = 4; name = cholesky.cpp; path = src/cholesky.cpp; sourceTree = SOURCE_ROOT; };
		E0EDD45884CB4839B3F60DC1 /* /Users/bernardocohen/repos/numericalRecipes/cpp/CMakeLists.txt */ = {isa = PBXFileReference; explicitFileType = sourcecode.text; fileEncoding = 4; name = CMakeLists.txt; path = CMakeLists.txt; sourceTree = SOURCE_ROOT; };
		E371C371C0F54B59BFC78F2A /* /Users/bernardocohen/repos/numericalRecipes/cpp/src/qrdcmp.cpp */ = {isa = PBXFileReference; explicitFileType = sourcecode.cpp.cpp; fileEncoding = 4; name = qrdcmp.cpp; path = src/qrdcmp.cpp; sourceTree = SOURCE_ROOT; };
		EE9BAA155F7B4186B7F17205 /* /Users/bernardocohen/repos/numericalRecipes/cpp/src/gaussj.cpp */ = {isa = PBXFileReference; explicitFileType = sourcecode.cpp.cpp; fileEncoding = 4; name = gaussj.cpp; path = src/gaussj.cpp; sourceTree = SOURCE_ROOT; };
		F8920363530C43BE8DF88F66 /* /Users/bernardocohen/repos/numericalRecipes/cpp/src/ludcmp.cpp */ = {isa = PBXFileReference; explicitFileType = sourcecode.cpp.cpp; fileEncoding = 4; name = ludcmp.cpp; path = src/ludcmp.cpp; sourceTree = SOURCE_ROOT; };
/* End PBXFileReference section */

/* Begin PBXFrameworksBuildPhase section */
		67CD0CA0B4EA4C6DA1101100 /* Frameworks */ = {
			isa = PBXFrameworksBuildPhase;
			buildActionMask = 2147483647;
			files = (
			);
			runOnlyForDeploymentPostprocessing = 0;
		};
/* End PBXFrameworksBuildPhase section */

/* Begin PBXGroup section */
		0F9932C6661C407BA9BAF20D /* Products */ = {
			isa = PBXGroup;
			children = (
				9F30047D46E242ED9C9DF0B5 /* numRec */,
			);
			name = Products;
			sourceTree = "<group>";
		};
		1A70AEA8A57F490A9EEB66B0 = {
			isa = PBXGroup;
			children = (
				991C61530E8C47A18C51346A /* numRec */,
				D8478AF4328840E28A945FF3 /* ALL_BUILD */,
				0F9932C6661C407BA9BAF20D /* Products */,
				288AE317DA15449A95DBEF95 /* Frameworks */,
			);
			sourceTree = "<group>";
		};
		1C5803FDF58C4C74A2ED7A0F /* CMake Rules */ = {
			isa = PBXGroup;
			children = (
			);
			name = "CMake Rules";
			sourceTree = "<group>";
		};
		2635B3F42D514D2F9BF739A3 /* include */ = {
			isa = PBXGroup;
			children = (
				5A109A950CD249A6BF64D571 /* numRec_bits */,
			);
			name = include;
			sourceTree = "<group>";
		};
		288AE317DA15449A95DBEF95 /* Frameworks */ = {
			isa = PBXGroup;
			children = (
			);
			name = Frameworks;
			sourceTree = "<group>";
		};
		5A109A950CD249A6BF64D571 /* numRec_bits */ = {
			isa = PBXGroup;
			children = (
				31B4A36678874E959405FE08 /* /Users/bernardocohen/repos/numericalRecipes/cpp/include/numRec_bits/banded.hpp */,
				00072D97DC064763862D7382 /* /Users/bernardocohen/repos/numericalRecipes/cpp/include/numRec_bits/cholesky.hpp */,
				0F942FD7286C4136AC4364FB /* /Users/bernardocohen/repos/numericalRecipes/cpp/include/numRec_bits/gaussj.hpp */,
				BDACA91580604EF9A8F9CFBD /* /Users/bernardocohen/repos/numericalRecipes/cpp/include/numRec_bits/interp_1d.hpp */,
				A138A751912C47B3B850EFD6 /* /Users/bernardocohen/repos/numericalRecipes/cpp/include/numRec_bits/interp_linear.hpp */,
				7083F0908765434F96D556E0 /* /Users/bernardocohen/repos/numericalRecipes/cpp/include/numRec_bits/ludcmp.hpp */,
				62502D5781564A2097AF4644 /* /Users/bernardocohen/repos/numericalRecipes/cpp/include/numRec_bits/nr.hpp */,
				C81749E85ECC4C46AA8CE4FA /* /Users/bernardocohen/repos/numericalRecipes/cpp/include/numRec_bits/qrdcmp.hpp */,
				C9FD54549E4B42B8B81C70E0 /* /Users/bernardocohen/repos/numericalRecipes/cpp/include/numRec_bits/svd.hpp */,
				C53854496352412492C8F570 /* /Users/bernardocohen/repos/numericalRecipes/cpp/include/numRec_bits/toeplz.hpp */,
				8DF23C31934249DCAE439DB7 /* /Users/bernardocohen/repos/numericalRecipes/cpp/include/numRec_bits/tridag.hpp */,
				AF16D2997AAF40AB8E3998FE /* /Users/bernardocohen/repos/numericalRecipes/cpp/include/numRec_bits/vander.hpp */,
			);
			name = numRec_bits;
			sourceTree = "<group>";
		};
		991C61530E8C47A18C51346A /* numRec */ = {
			isa = PBXGroup;
			children = (
				2635B3F42D514D2F9BF739A3 /* include */,
				D56CE6052B0245CC86148026 /* src */,
				9A566421BB0F4982874CFC42 /* /Users/bernardocohen/repos/numericalRecipes/cpp/CMakeLists.txt */,
			);
			name = numRec;
			sourceTree = "<group>";
		};
		D56CE6052B0245CC86148026 /* src */ = {
			isa = PBXGroup;
			children = (
				CC36F9A6211C4E0DBE1EF25C /* /Users/bernardocohen/repos/numericalRecipes/cpp/src/banded.cpp */,
				DFBEA226CA0342EC9DF2AA4B /* /Users/bernardocohen/repos/numericalRecipes/cpp/src/cholesky.cpp */,
				EE9BAA155F7B4186B7F17205 /* /Users/bernardocohen/repos/numericalRecipes/cpp/src/gaussj.cpp */,
				35B1EA9A8FC840BF915E6D2B /* /Users/bernardocohen/repos/numericalRecipes/cpp/src/interp_1d.cpp */,
				3F53A553682B42C880CFCDC3 /* /Users/bernardocohen/repos/numericalRecipes/cpp/src/interp_linear.cpp */,
				F8920363530C43BE8DF88F66 /* /Users/bernardocohen/repos/numericalRecipes/cpp/src/ludcmp.cpp */,
				C1936C7356C842BA91349FD2 /* /Users/bernardocohen/repos/numericalRecipes/cpp/src/nr.cpp */,
				E371C371C0F54B59BFC78F2A /* /Users/bernardocohen/repos/numericalRecipes/cpp/src/qrdcmp.cpp */,
				8B368CFEFBD8457CA274E05A /* /Users/bernardocohen/repos/numericalRecipes/cpp/src/svd.cpp */,
				9FF6771F37214E8E969885A9 /* /Users/bernardocohen/repos/numericalRecipes/cpp/src/toeplz.cpp */,
				4407F503BC1141E39D7D6510 /* /Users/bernardocohen/repos/numericalRecipes/cpp/src/tridag.cpp */,
				55420CEDC80D451795D294B3 /* /Users/bernardocohen/repos/numericalRecipes/cpp/src/vander.cpp */,
			);
			name = src;
			sourceTree = "<group>";
		};
		D8478AF4328840E28A945FF3 /* ALL_BUILD */ = {
			isa = PBXGroup;
			children = (
				1C5803FDF58C4C74A2ED7A0F /* CMake Rules */,
				E0EDD45884CB4839B3F60DC1 /* /Users/bernardocohen/repos/numericalRecipes/cpp/CMakeLists.txt */,
			);
			name = ALL_BUILD;
			sourceTree = "<group>";
		};
/* End PBXGroup section */

/* Begin PBXNativeTarget section */
		03814720AAB246B18264C3AC /* numRec */ = {
			isa = PBXNativeTarget;
			buildConfigurationList = 0D52562FDF514B7AB82520A5 /* Build configuration list for PBXNativeTarget "numRec" */;
			buildPhases = (
				C48AAFFA9CE9439BBC0D4C8F /* Sources */,
				67CD0CA0B4EA4C6DA1101100 /* Frameworks */,
				C8D0EC84B8CA52C3382C43CD /* CMake PostBuild Rules */,
			);
			buildRules = (
			);
			dependencies = (
				2DDE872227EB4E86A44FFF9D /* PBXTargetDependency */,
			);
			name = numRec;
			productName = numRec;
			productReference = 9F30047D46E242ED9C9DF0B5 /* numRec */;
			productType = "com.apple.product-type.library.dynamic";
		};
/* End PBXNativeTarget section */

/* Begin PBXProject section */
		598D6B172FC64D03A1CEF0E9 /* Project object */ = {
			isa = PBXProject;
			attributes = {
				BuildIndependentTargetsInParallel = YES;
				LastUpgradeCheck = 1250;
			};
			buildConfigurationList = 18C4F884B4D04EFFA1FE3FC0 /* Build configuration list for PBXProject "numRec" */;
			buildSettings = {
			};
			buildStyles = (
				F75CFB4B9C944FA29E5C54BA /* Debug */,
				1A96078431F34DEB9A76FEE5 /* Release */,
				B2D3BFC99EBC412D8FA9F0D9 /* MinSizeRel */,
				A47E74AD6C1A481BAFDA31DF /* RelWithDebInfo */,
			);
			compatibilityVersion = "Xcode 3.2";
			hasScannedForEncodings = 0;
			mainGroup = 1A70AEA8A57F490A9EEB66B0;
			projectDirPath = ../;
			projectRoot = "";
			targets = (
				4EFD69B515774D9DB70AD6B4 /* ALL_BUILD */,
				C6670F69049C4541A160A7B8 /* ZERO_CHECK */,
				16446089644F4758A43E9D76 /* install */,
				03814720AAB246B18264C3AC /* numRec */,
			);
		};
/* End PBXProject section */

/* Begin PBXShellScriptBuildPhase section */
		0880ABFCAABBB06B398F241F /* Generate CMakeFiles/ALL_BUILD */ = {
			isa = PBXShellScriptBuildPhase;
			alwaysOutOfDate = 1;
			buildActionMask = 2147483647;
			files = (
			);
			inputPaths = (
			);
			name = "Generate CMakeFiles/ALL_BUILD";
			outputPaths = (
/Users/bernardocohen/repos/numericalRecipes/cpp/Xcode/CMakeFiles/ALL_BUILD			);
			runOnlyForDeploymentPostprocessing = 0;
			shellPath = /bin/sh;
			shellScript = "set -e
if test \"$CONFIGURATION\" = \"Debug\"; then :
  cd /Users/bernardocohen/repos/numericalRecipes/cpp/Xcode
  echo Build\\ all\\ projects
fi
if test \"$CONFIGURATION\" = \"Release\"; then :
  cd /Users/bernardocohen/repos/numericalRecipes/cpp/Xcode
  echo Build\\ all\\ projects
fi
if test \"$CONFIGURATION\" = \"MinSizeRel\"; then :
  cd /Users/bernardocohen/repos/numericalRecipes/cpp/Xcode
  echo Build\\ all\\ projects
fi
if test \"$CONFIGURATION\" = \"RelWithDebInfo\"; then :
  cd /Users/bernardocohen/repos/numericalRecipes/cpp/Xcode
  echo Build\\ all\\ projects
fi
";
			showEnvVarsInLog = 0;
		};
		3C0110FC8322DE7E50886E21 = {
			isa = PBXShellScriptBuildPhase;
			buildActionMask = 2147483647;
			files = (
			);
			inputPaths = (
			);
			outputPaths = (
			);
			runOnlyForDeploymentPostprocessing = 0;
			shellPath = /bin/sh;
			shellScript = "# shell script goes here
exit 0";
			showEnvVarsInLog = 0;
		};
		6CA44D7354B5F790D74E1970 /* Generate CMakeFiles/ZERO_CHECK */ = {
			isa = PBXShellScriptBuildPhase;
			alwaysOutOfDate = 1;
			buildActionMask = 2147483647;
			files = (
			);
			inputPaths = (
			);
			name = "Generate CMakeFiles/ZERO_CHECK";
			outputPaths = (
/Users/bernardocohen/repos/numericalRecipes/cpp/Xcode/CMakeFiles/ZERO_CHECK			);
			runOnlyForDeploymentPostprocessing = 0;
			shellPath = /bin/sh;
			shellScript = "set -e
if test \"$CONFIGURATION\" = \"Debug\"; then :
  cd /Users/bernardocohen/repos/numericalRecipes/cpp/Xcode
  make -f /Users/bernardocohen/repos/numericalRecipes/cpp/Xcode/CMakeScripts/ReRunCMake.make
fi
if test \"$CONFIGURATION\" = \"Release\"; then :
  cd /Users/bernardocohen/repos/numericalRecipes/cpp/Xcode
  make -f /Users/bernardocohen/repos/numericalRecipes/cpp/Xcode/CMakeScripts/ReRunCMake.make
fi
if test \"$CONFIGURATION\" = \"MinSizeRel\"; then :
  cd /Users/bernardocohen/repos/numericalRecipes/cpp/Xcode
  make -f /Users/bernardocohen/repos/numericalRecipes/cpp/Xcode/CMakeScripts/ReRunCMake.make
fi
if test \"$CONFIGURATION\" = \"RelWithDebInfo\"; then :
  cd /Users/bernardocohen/repos/numericalRecipes/cpp/Xcode
  make -f /Users/bernardocohen/repos/numericalRecipes/cpp/Xcode/CMakeScripts/ReRunCMake.make
fi
";
			showEnvVarsInLog = 0;
		};
		87AF4882E018677E2624B544 = {
			isa = PBXShellScriptBuildPhase;
			buildActionMask = 2147483647;
			files = (
			);
			inputPaths = (
			);
			outputPaths = (
			);
			runOnlyForDeploymentPostprocessing = 0;
			shellPath = /bin/sh;
			shellScript = "# shell script goes here
exit 0";
			showEnvVarsInLog = 0;
		};
		93426DA6A4AC2C2AC9CE883C /* CMake PostBuild Rules */ = {
			isa = PBXShellScriptBuildPhase;
			alwaysOutOfDate = 1;
			buildActionMask = 2147483647;
			files = (
			);
			name = "CMake PostBuild Rules";
			outputPaths = (
			);
			runOnlyForDeploymentPostprocessing = 0;
			shellPath = /bin/sh;
			shellScript = "set -e
if test \"$CONFIGURATION\" = \"Debug\"; then :
  cd /Users/bernardocohen/repos/numericalRecipes/cpp/Xcode
  /usr/local/Cellar/cmake/3.20.5/bin/cmake -DBUILD_TYPE=$CONFIGURATION$EFFECTIVE_PLATFORM_NAME -P cmake_install.cmake
fi
if test \"$CONFIGURATION\" = \"Release\"; then :
  cd /Users/bernardocohen/repos/numericalRecipes/cpp/Xcode
  /usr/local/Cellar/cmake/3.20.5/bin/cmake -DBUILD_TYPE=$CONFIGURATION$EFFECTIVE_PLATFORM_NAME -P cmake_install.cmake
fi
if test \"$CONFIGURATION\" = \"MinSizeRel\"; then :
  cd /Users/bernardocohen/repos/numericalRecipes/cpp/Xcode
  /usr/local/Cellar/cmake/3.20.5/bin/cmake -DBUILD_TYPE=$CONFIGURATION$EFFECTIVE_PLATFORM_NAME -P cmake_install.cmake
fi
if test \"$CONFIGURATION\" = \"RelWithDebInfo\"; then :
  cd /Users/bernardocohen/repos/numericalRecipes/cpp/Xcode
  /usr/local/Cellar/cmake/3.20.5/bin/cmake -DBUILD_TYPE=$CONFIGURATION$EFFECTIVE_PLATFORM_NAME -P cmake_install.cmake
fi
";
			showEnvVarsInLog = 0;
		};
		9B50530E35CC49C82C2FACCF = {
			isa = PBXShellScriptBuildPhase;
			buildActionMask = 2147483647;
			files = (
			);
			inputPaths = (
			);
			outputPaths = (
			);
			runOnlyForDeploymentPostprocessing = 0;
			shellPath = /bin/sh;
			shellScript = "# shell script goes here
exit 0";
			showEnvVarsInLog = 0;
		};
		C8D0EC84B8CA52C3382C43CD /* CMake PostBuild Rules */ = {
			isa = PBXShellScriptBuildPhase;
			alwaysOutOfDate = 1;
			buildActionMask = 2147483647;
			files = (
			);
			name = "CMake PostBuild Rules";
			outputPaths = (
			);
			runOnlyForDeploymentPostprocessing = 0;
			shellPath = /bin/sh;
			shellScript = "set -e
if test \"$CONFIGURATION\" = \"Debug\"; then :
  cd /Users/bernardocohen/repos/numericalRecipes/cpp/Xcode
  /usr/local/Cellar/cmake/3.20.5/bin/cmake -E cmake_symlink_library /Users/bernardocohen/repos/numericalRecipes/cpp/Xcode/Debug/libnumRec.dylib /Users/bernardocohen/repos/numericalRecipes/cpp/Xcode/Debug/libnumRec.dylib /Users/bernardocohen/repos/numericalRecipes/cpp/Xcode/Debug/libnumRec.dylib
fi
if test \"$CONFIGURATION\" = \"Release\"; then :
  cd /Users/bernardocohen/repos/numericalRecipes/cpp/Xcode
  /usr/local/Cellar/cmake/3.20.5/bin/cmake -E cmake_symlink_library /Users/bernardocohen/repos/numericalRecipes/cpp/Xcode/Release/libnumRec.dylib /Users/bernardocohen/repos/numericalRecipes/cpp/Xcode/Release/libnumRec.dylib /Users/bernardocohen/repos/numericalRecipes/cpp/Xcode/Release/libnumRec.dylib
fi
if test \"$CONFIGURATION\" = \"MinSizeRel\"; then :
  cd /Users/bernardocohen/repos/numericalRecipes/cpp/Xcode
  /usr/local/Cellar/cmake/3.20.5/bin/cmake -E cmake_symlink_library /Users/bernardocohen/repos/numericalRecipes/cpp/Xcode/MinSizeRel/libnumRec.dylib /Users/bernardocohen/repos/numericalRecipes/cpp/Xcode/MinSizeRel/libnumRec.dylib /Users/bernardocohen/repos/numericalRecipes/cpp/Xcode/MinSizeRel/libnumRec.dylib
fi
if test \"$CONFIGURATION\" = \"RelWithDebInfo\"; then :
  cd /Users/bernardocohen/repos/numericalRecipes/cpp/Xcode
  /usr/local/Cellar/cmake/3.20.5/bin/cmake -E cmake_symlink_library /Users/bernardocohen/repos/numericalRecipes/cpp/Xcode/RelWithDebInfo/libnumRec.dylib /Users/bernardocohen/repos/numericalRecipes/cpp/Xcode/RelWithDebInfo/libnumRec.dylib /Users/bernardocohen/repos/numericalRecipes/cpp/Xcode/RelWithDebInfo/libnumRec.dylib
fi
";
			showEnvVarsInLog = 0;
		};
/* End PBXShellScriptBuildPhase section */

/* Begin PBXSourcesBuildPhase section */
		C48AAFFA9CE9439BBC0D4C8F /* Sources */ = {
			isa = PBXSourcesBuildPhase;
			buildActionMask = 2147483647;
			files = (
				F79810FC6922455F9C6FD55D /* /Users/bernardocohen/repos/numericalRecipes/cpp/src/banded.cpp */,
				8290DA0CAF3C44698C1BF742 /* /Users/bernardocohen/repos/numericalRecipes/cpp/src/cholesky.cpp */,
				EEFF917B27204158864A6CBE /* /Users/bernardocohen/repos/numericalRecipes/cpp/src/gaussj.cpp */,
				CE327A37383A46AC9C560213 /* /Users/bernardocohen/repos/numericalRecipes/cpp/src/interp_1d.cpp */,
				3E748421C60E42AD8DA13367 /* /Users/bernardocohen/repos/numericalRecipes/cpp/src/interp_linear.cpp */,
				33D0CED80ECF48D9A5326FEF /* /Users/bernardocohen/repos/numericalRecipes/cpp/src/ludcmp.cpp */,
				D1CC8348B515423F9EDE7668 /* /Users/bernardocohen/repos/numericalRecipes/cpp/src/nr.cpp */,
				53029CDE78964EA5B1731A0A /* /Users/bernardocohen/repos/numericalRecipes/cpp/src/qrdcmp.cpp */,
				4B59E8B1467E4270B3A45396 /* /Users/bernardocohen/repos/numericalRecipes/cpp/src/svd.cpp */,
				B664BE31BECD4ABDB666FF97 /* /Users/bernardocohen/repos/numericalRecipes/cpp/src/toeplz.cpp */,
				9055CEB1185749389FEBAD1E /* /Users/bernardocohen/repos/numericalRecipes/cpp/src/tridag.cpp */,
				BD81E94DAF9B4C77B4E619F0 /* /Users/bernardocohen/repos/numericalRecipes/cpp/src/vander.cpp */,
			);
			runOnlyForDeploymentPostprocessing = 0;
		};
/* End PBXSourcesBuildPhase section */

/* Begin PBXTargetDependency section */
		2DDE872227EB4E86A44FFF9D /* PBXTargetDependency */ = {
			isa = PBXTargetDependency;
			target = C6670F69049C4541A160A7B8 /* ZERO_CHECK */;
			targetProxy = 2BB7961145164E79AD11000A /* PBXContainerItemProxy */;
		};
		8C9DAB36189045449F61120A /* PBXTargetDependency */ = {
			isa = PBXTargetDependency;
			target = C6670F69049C4541A160A7B8 /* ZERO_CHECK */;
			targetProxy = 9223D77F450C4A7A8FD62778 /* PBXContainerItemProxy */;
		};
		D2FB08B3569E44378F72883D /* PBXTargetDependency */ = {
			isa = PBXTargetDependency;
			target = 03814720AAB246B18264C3AC /* numRec */;
			targetProxy = 27E69C15D9AB4A00B7119D3E /* PBXContainerItemProxy */;
		};
		F990423A20344B5283481493 /* PBXTargetDependency */ = {
			isa = PBXTargetDependency;
			target = 4EFD69B515774D9DB70AD6B4 /* ALL_BUILD */;
			targetProxy = CC532F7B76894D38AFFCC4D1 /* PBXContainerItemProxy */;
		};
/* End PBXTargetDependency section */

/* Begin XCBuildConfiguration section */
		15FEC28DC0A64CAE9C2FBAB3 /* Release */ = {
			isa = XCBuildConfiguration;
			buildSettings = {
				COMBINE_HIDPI_IMAGES = YES;
				GCC_GENERATE_DEBUGGING_SYMBOLS = YES;
				GCC_INLINES_ARE_PRIVATE_EXTERN = NO;
				GCC_OPTIMIZATION_LEVEL = 0;
				GCC_PREPROCESSOR_DEFINITIONS = ("'CMAKE_INTDIR=\"$(CONFIGURATION)$(EFFECTIVE_PLATFORM_NAME)\"'");
				GCC_SYMBOLS_PRIVATE_EXTERN = NO;
				INSTALL_PATH = "";
				OTHER_LDFLAGS = ("");
				OTHER_REZFLAGS = "";
				PRODUCT_NAME = ALL_BUILD;
				SECTORDER_FLAGS = "";
				SYMROOT = /Users/bernardocohen/repos/numericalRecipes/cpp/Xcode;
				USE_HEADERMAP = NO;
				WARNING_CFLAGS = ("$(inherited)");
			};
			name = Release;
		};
		1878D381D52747328E502678 /* Release */ = {
			isa = XCBuildConfiguration;
			buildSettings = {
				ARCHS = "$(NATIVE_ARCH_ACTUAL)";
				ONLY_ACTIVE_ARCH = YES;
				SDKROOT = /Applications/Xcode.app/Contents/Developer/Platforms/MacOSX.platform/Developer/SDKs/MacOSX11.3.sdk;
				SYMROOT = /Users/bernardocohen/repos/numericalRecipes/cpp/Xcode/build;
			};
			name = Release;
		};
		1923875869E049759FAB9403 /* Debug */ = {
			isa = XCBuildConfiguration;
			buildSettings = {
				COMBINE_HIDPI_IMAGES = YES;
				GCC_GENERATE_DEBUGGING_SYMBOLS = YES;
				GCC_INLINES_ARE_PRIVATE_EXTERN = NO;
				GCC_OPTIMIZATION_LEVEL = 0;
				GCC_PREPROCESSOR_DEFINITIONS = ("'CMAKE_INTDIR=\"$(CONFIGURATION)$(EFFECTIVE_PLATFORM_NAME)\"'");
				GCC_SYMBOLS_PRIVATE_EXTERN = NO;
				INSTALL_PATH = "";
				OTHER_LDFLAGS = ("");
				OTHER_REZFLAGS = "";
				PRODUCT_NAME = ZERO_CHECK;
				SECTORDER_FLAGS = "";
				SYMROOT = /Users/bernardocohen/repos/numericalRecipes/cpp/Xcode;
				USE_HEADERMAP = NO;
				WARNING_CFLAGS = ("$(inherited)");
			};
			name = Debug;
		};
		1EFCF3E44F3C4CBE939430FC /* Debug */ = {
			isa = XCBuildConfiguration;
			buildSettings = {
				COMBINE_HIDPI_IMAGES = YES;
				GCC_GENERATE_DEBUGGING_SYMBOLS = YES;
				GCC_INLINES_ARE_PRIVATE_EXTERN = NO;
				GCC_OPTIMIZATION_LEVEL = 0;
				GCC_PREPROCESSOR_DEFINITIONS = ("'CMAKE_INTDIR=\"$(CONFIGURATION)$(EFFECTIVE_PLATFORM_NAME)\"'");
				GCC_SYMBOLS_PRIVATE_EXTERN = NO;
				INSTALL_PATH = "";
				OTHER_LDFLAGS = ("");
				OTHER_REZFLAGS = "";
				PRODUCT_NAME = install;
				SECTORDER_FLAGS = "";
				SYMROOT = /Users/bernardocohen/repos/numericalRecipes/cpp/Xcode;
				USE_HEADERMAP = NO;
				WARNING_CFLAGS = ("$(inherited)");
			};
			name = Debug;
		};
		23DE340EE88442E7916605F9 /* MinSizeRel */ = {
			isa = XCBuildConfiguration;
			buildSettings = {
				COMBINE_HIDPI_IMAGES = YES;
				GCC_GENERATE_DEBUGGING_SYMBOLS = YES;
				GCC_INLINES_ARE_PRIVATE_EXTERN = NO;
				GCC_OPTIMIZATION_LEVEL = 0;
				GCC_PREPROCESSOR_DEFINITIONS = ("'CMAKE_INTDIR=\"$(CONFIGURATION)$(EFFECTIVE_PLATFORM_NAME)\"'");
				GCC_SYMBOLS_PRIVATE_EXTERN = NO;
				INSTALL_PATH = "";
				OTHER_LDFLAGS = ("");
				OTHER_REZFLAGS = "";
				PRODUCT_NAME = ZERO_CHECK;
				SECTORDER_FLAGS = "";
				SYMROOT = /Users/bernardocohen/repos/numericalRecipes/cpp/Xcode;
				USE_HEADERMAP = NO;
				WARNING_CFLAGS = ("$(inherited)");
			};
			name = MinSizeRel;
		};
		2CF15124903543C0A4A2A475 /* MinSizeRel */ = {
			isa = XCBuildConfiguration;
			buildSettings = {
				COMBINE_HIDPI_IMAGES = YES;
				GCC_GENERATE_DEBUGGING_SYMBOLS = YES;
				GCC_INLINES_ARE_PRIVATE_EXTERN = NO;
				GCC_OPTIMIZATION_LEVEL = 0;
				GCC_PREPROCESSOR_DEFINITIONS = ("'CMAKE_INTDIR=\"$(CONFIGURATION)$(EFFECTIVE_PLATFORM_NAME)\"'");
				GCC_SYMBOLS_PRIVATE_EXTERN = NO;
				INSTALL_PATH = "";
				OTHER_LDFLAGS = ("");
				OTHER_REZFLAGS = "";
				PRODUCT_NAME = ALL_BUILD;
				SECTORDER_FLAGS = "";
				SYMROOT = /Users/bernardocohen/repos/numericalRecipes/cpp/Xcode;
				USE_HEADERMAP = NO;
				WARNING_CFLAGS = ("$(inherited)");
			};
			name = MinSizeRel;
		};
		372B06FBF36A4B58B25084FF /* Debug */ = {
			isa = XCBuildConfiguration;
			buildSettings = {
				ARCHS = "$(NATIVE_ARCH_ACTUAL)";
				ONLY_ACTIVE_ARCH = YES;
				SDKROOT = /Applications/Xcode.app/Contents/Developer/Platforms/MacOSX.platform/Developer/SDKs/MacOSX11.3.sdk;
				SYMROOT = /Users/bernardocohen/repos/numericalRecipes/cpp/Xcode/build;
			};
			name = Debug;
		};
		4EA2D4FD2E91494CAC31292C /* MinSizeRel */ = {
			isa = XCBuildConfiguration;
			buildSettings = {
				ARCHS = "$(NATIVE_ARCH_ACTUAL)";
				ONLY_ACTIVE_ARCH = YES;
				SDKROOT = /Applications/Xcode.app/Contents/Developer/Platforms/MacOSX.platform/Developer/SDKs/MacOSX11.3.sdk;
				SYMROOT = /Users/bernardocohen/repos/numericalRecipes/cpp/Xcode/build;
			};
			name = MinSizeRel;
		};
		588C187CDCE44EC0B7DAE8B5 /* RelWithDebInfo */ = {
			isa = XCBuildConfiguration;
			buildSettings = {
				COMBINE_HIDPI_IMAGES = YES;
				GCC_GENERATE_DEBUGGING_SYMBOLS = YES;
				GCC_INLINES_ARE_PRIVATE_EXTERN = NO;
				GCC_OPTIMIZATION_LEVEL = 0;
				GCC_PREPROCESSOR_DEFINITIONS = ("'CMAKE_INTDIR=\"$(CONFIGURATION)$(EFFECTIVE_PLATFORM_NAME)\"'");
				GCC_SYMBOLS_PRIVATE_EXTERN = NO;
				INSTALL_PATH = "";
				OTHER_LDFLAGS = ("");
				OTHER_REZFLAGS = "";
				PRODUCT_NAME = ALL_BUILD;
				SECTORDER_FLAGS = "";
				SYMROOT = /Users/bernardocohen/repos/numericalRecipes/cpp/Xcode;
				USE_HEADERMAP = NO;
				WARNING_CFLAGS = ("$(inherited)");
			};
			name = RelWithDebInfo;
		};
		591B4D0BCC2240CA99FF0C40 /* Release */ = {
			isa = XCBuildConfiguration;
			buildSettings = {
				COMBINE_HIDPI_IMAGES = YES;
				GCC_GENERATE_DEBUGGING_SYMBOLS = YES;
				GCC_INLINES_ARE_PRIVATE_EXTERN = NO;
				GCC_OPTIMIZATION_LEVEL = 0;
				GCC_PREPROCESSOR_DEFINITIONS = ("'CMAKE_INTDIR=\"$(CONFIGURATION)$(EFFECTIVE_PLATFORM_NAME)\"'");
				GCC_SYMBOLS_PRIVATE_EXTERN = NO;
				INSTALL_PATH = "";
				OTHER_LDFLAGS = ("");
				OTHER_REZFLAGS = "";
				PRODUCT_NAME = install;
				SECTORDER_FLAGS = "";
				SYMROOT = /Users/bernardocohen/repos/numericalRecipes/cpp/Xcode;
				USE_HEADERMAP = NO;
				WARNING_CFLAGS = ("$(inherited)");
			};
			name = Release;
		};
		6B1A74FADF7944A68F8C3CBA /* Release */ = {
			isa = XCBuildConfiguration;
			buildSettings = {
				COMBINE_HIDPI_IMAGES = YES;
				DYLIB_COMPATIBILITY_VERSION = "";
				DYLIB_CURRENT_VERSION = "";
				EXECUTABLE_PREFIX = lib;
				EXECUTABLE_SUFFIX = .dylib;
				GCC_GENERATE_DEBUGGING_SYMBOLS = NO;
				GCC_INLINES_ARE_PRIVATE_EXTERN = NO;
				GCC_OPTIMIZATION_LEVEL = 3;
				GCC_PREPROCESSOR_DEFINITIONS = ("'CMAKE_INTDIR=\"$(CONFIGURATION)$(EFFECTIVE_PLATFORM_NAME)\"'",numRec_EXPORTS);
				GCC_SYMBOLS_PRIVATE_EXTERN = NO;
				HEADER_SEARCH_PATHS = (/usr/local/include,/Users/bernardocohen/repos/numericalRecipes/cpp/include/numRec_bits,"$(inherited)");
				INSTALL_PATH = "@rpath";
				LIBRARY_STYLE = DYNAMIC;
				OTHER_CPLUSPLUSFLAGS = "    -DNDEBUG -fPIC '-std=c++17' ";
				OTHER_LDFLAGS = (" -dynamiclib -Wl,-headerpad_max_install_names");
				OTHER_REZFLAGS = "";
				PRODUCT_NAME = numRec;
				SECTORDER_FLAGS = "";
				SYMROOT = /Users/bernardocohen/repos/numericalRecipes/cpp/Xcode;
				USE_HEADERMAP = NO;
				WARNING_CFLAGS = ("$(inherited)");
			};
			name = Release;
		};
		86ABE0BED69744CCBB6238C0 /* Release */ = {
			isa = XCBuildConfiguration;
			buildSettings = {
				COMBINE_HIDPI_IMAGES = YES;
				GCC_GENERATE_DEBUGGING_SYMBOLS = YES;
				GCC_INLINES_ARE_PRIVATE_EXTERN = NO;
				GCC_OPTIMIZATION_LEVEL = 0;
				GCC_PREPROCESSOR_DEFINITIONS = ("'CMAKE_INTDIR=\"$(CONFIGURATION)$(EFFECTIVE_PLATFORM_NAME)\"'");
				GCC_SYMBOLS_PRIVATE_EXTERN = NO;
				INSTALL_PATH = "";
				OTHER_LDFLAGS = ("");
				OTHER_REZFLAGS = "";
				PRODUCT_NAME = ZERO_CHECK;
				SECTORDER_FLAGS = "";
				SYMROOT = /Users/bernardocohen/repos/numericalRecipes/cpp/Xcode;
				USE_HEADERMAP = NO;
				WARNING_CFLAGS = ("$(inherited)");
			};
			name = Release;
		};
		8BADB94B01A947A0BAFBB726 /* MinSizeRel */ = {
			isa = XCBuildConfiguration;
			buildSettings = {
				COMBINE_HIDPI_IMAGES = YES;
				DYLIB_COMPATIBILITY_VERSION = "";
				DYLIB_CURRENT_VERSION = "";
				EXECUTABLE_PREFIX = lib;
				EXECUTABLE_SUFFIX = .dylib;
				GCC_GENERATE_DEBUGGING_SYMBOLS = NO;
				GCC_INLINES_ARE_PRIVATE_EXTERN = NO;
				GCC_OPTIMIZATION_LEVEL = s;
				GCC_PREPROCESSOR_DEFINITIONS = ("'CMAKE_INTDIR=\"$(CONFIGURATION)$(EFFECTIVE_PLATFORM_NAME)\"'",numRec_EXPORTS);
				GCC_SYMBOLS_PRIVATE_EXTERN = NO;
				HEADER_SEARCH_PATHS = (/usr/local/include,/Users/bernardocohen/repos/numericalRecipes/cpp/include/numRec_bits,"$(inherited)");
				INSTALL_PATH = "@rpath";
				LIBRARY_STYLE = DYNAMIC;
				OTHER_CPLUSPLUSFLAGS = "    -DNDEBUG -fPIC '-std=c++17' ";
				OTHER_LDFLAGS = (" -dynamiclib -Wl,-headerpad_max_install_names");
				OTHER_REZFLAGS = "";
				PRODUCT_NAME = numRec;
				SECTORDER_FLAGS = "";
				SYMROOT = /Users/bernardocohen/repos/numericalRecipes/cpp/Xcode;
				USE_HEADERMAP = NO;
				WARNING_CFLAGS = ("$(inherited)");
			};
			name = MinSizeRel;
		};
		92267EDFAF274FFD894A6E21 /* RelWithDebInfo */ = {
			isa = XCBuildConfiguration;
			buildSettings = {
				COMBINE_HIDPI_IMAGES = YES;
				DYLIB_COMPATIBILITY_VERSION = "";
				DYLIB_CURRENT_VERSION = "";
				EXECUTABLE_PREFIX = lib;
				EXECUTABLE_SUFFIX = .dylib;
				GCC_GENERATE_DEBUGGING_SYMBOLS = YES;
				GCC_INLINES_ARE_PRIVATE_EXTERN = NO;
				GCC_OPTIMIZATION_LEVEL = 2;
				GCC_PREPROCESSOR_DEFINITIONS = ("'CMAKE_INTDIR=\"$(CONFIGURATION)$(EFFECTIVE_PLATFORM_NAME)\"'",numRec_EXPORTS);
				GCC_SYMBOLS_PRIVATE_EXTERN = NO;
				HEADER_SEARCH_PATHS = (/usr/local/include,/Users/bernardocohen/repos/numericalRecipes/cpp/include/numRec_bits,"$(inherited)");
				INSTALL_PATH = "@rpath";
				LIBRARY_STYLE = DYNAMIC;
				OTHER_CPLUSPLUSFLAGS = "       -DNDEBUG -fPIC '-std=c++17' ";
				OTHER_LDFLAGS = (" -dynamiclib -Wl,-headerpad_max_install_names");
				OTHER_REZFLAGS = "";
				PRODUCT_NAME = numRec;
				SECTORDER_FLAGS = "";
				SYMROOT = /Users/bernardocohen/repos/numericalRecipes/cpp/Xcode;
				USE_HEADERMAP = NO;
				WARNING_CFLAGS = ("$(inherited)");
			};
			name = RelWithDebInfo;
		};
		AE9FDE7D70E0490796B42134 /* MinSizeRel */ = {
			isa = XCBuildConfiguration;
			buildSettings = {
				COMBINE_HIDPI_IMAGES = YES;
				GCC_GENERATE_DEBUGGING_SYMBOLS = YES;
				GCC_INLINES_ARE_PRIVATE_EXTERN = NO;
				GCC_OPTIMIZATION_LEVEL = 0;
				GCC_PREPROCESSOR_DEFINITIONS = ("'CMAKE_INTDIR=\"$(CONFIGURATION)$(EFFECTIVE_PLATFORM_NAME)\"'");
				GCC_SYMBOLS_PRIVATE_EXTERN = NO;
				INSTALL_PATH = "";
				OTHER_LDFLAGS = ("");
				OTHER_REZFLAGS = "";
				PRODUCT_NAME = install;
				SECTORDER_FLAGS = "";
				SYMROOT = /Users/bernardocohen/repos/numericalRecipes/cpp/Xcode;
				USE_HEADERMAP = NO;
				WARNING_CFLAGS = ("$(inherited)");
			};
			name = MinSizeRel;
		};
		BB21F983808B43B3ACF1B960 /* RelWithDebInfo */ = {
			isa = XCBuildConfiguration;
			buildSettings = {
				COMBINE_HIDPI_IMAGES = YES;
				GCC_GENERATE_DEBUGGING_SYMBOLS = YES;
				GCC_INLINES_ARE_PRIVATE_EXTERN = NO;
				GCC_OPTIMIZATION_LEVEL = 0;
				GCC_PREPROCESSOR_DEFINITIONS = ("'CMAKE_INTDIR=\"$(CONFIGURATION)$(EFFECTIVE_PLATFORM_NAME)\"'");
				GCC_SYMBOLS_PRIVATE_EXTERN = NO;
				INSTALL_PATH = "";
				OTHER_LDFLAGS = ("");
				OTHER_REZFLAGS = "";
				PRODUCT_NAME = install;
				SECTORDER_FLAGS = "";
				SYMROOT = /Users/bernardocohen/repos/numericalRecipes/cpp/Xcode;
				USE_HEADERMAP = NO;
				WARNING_CFLAGS = ("$(inherited)");
			};
			name = RelWithDebInfo;
		};
		C1F09C57E9EC4A51B0AD4B85 /* RelWithDebInfo */ = {
			isa = XCBuildConfiguration;
			buildSettings = {
				COMBINE_HIDPI_IMAGES = YES;
				GCC_GENERATE_DEBUGGING_SYMBOLS = YES;
				GCC_INLINES_ARE_PRIVATE_EXTERN = NO;
				GCC_OPTIMIZATION_LEVEL = 0;
				GCC_PREPROCESSOR_DEFINITIONS = ("'CMAKE_INTDIR=\"$(CONFIGURATION)$(EFFECTIVE_PLATFORM_NAME)\"'");
				GCC_SYMBOLS_PRIVATE_EXTERN = NO;
				INSTALL_PATH = "";
				OTHER_LDFLAGS = ("");
				OTHER_REZFLAGS = "";
				PRODUCT_NAME = ZERO_CHECK;
				SECTORDER_FLAGS = "";
				SYMROOT = /Users/bernardocohen/repos/numericalRecipes/cpp/Xcode;
				USE_HEADERMAP = NO;
				WARNING_CFLAGS = ("$(inherited)");
			};
			name = RelWithDebInfo;
		};
		E91FBD90B46A469CB816EBFD /* Debug */ = {
			isa = XCBuildConfiguration;
			buildSettings = {
				COMBINE_HIDPI_IMAGES = YES;
				DYLIB_COMPATIBILITY_VERSION = "";
				DYLIB_CURRENT_VERSION = "";
				EXECUTABLE_PREFIX = lib;
				EXECUTABLE_SUFFIX = .dylib;
				GCC_GENERATE_DEBUGGING_SYMBOLS = YES;
				GCC_INLINES_ARE_PRIVATE_EXTERN = NO;
				GCC_OPTIMIZATION_LEVEL = 0;
				GCC_PREPROCESSOR_DEFINITIONS = ("'CMAKE_INTDIR=\"$(CONFIGURATION)$(EFFECTIVE_PLATFORM_NAME)\"'",numRec_EXPORTS);
				GCC_SYMBOLS_PRIVATE_EXTERN = NO;
				HEADER_SEARCH_PATHS = (/usr/local/include,/Users/bernardocohen/repos/numericalRecipes/cpp/include/numRec_bits,"$(inherited)");
				INSTALL_PATH = "@rpath";
				LIBRARY_STYLE = DYNAMIC;
				OTHER_CPLUSPLUSFLAGS = "   -fPIC '-std=c++17' ";
				OTHER_LDFLAGS = (" -dynamiclib -Wl,-headerpad_max_install_names");
				OTHER_REZFLAGS = "";
				PRODUCT_NAME = numRec;
				SECTORDER_FLAGS = "";
				SYMROOT = /Users/bernardocohen/repos/numericalRecipes/cpp/Xcode;
				USE_HEADERMAP = NO;
				WARNING_CFLAGS = ("$(inherited)");
			};
			name = Debug;
		};
		E9AFD2E101A24AA98B3125B6 /* Debug */ = {
			isa = XCBuildConfiguration;
			buildSettings = {
				COMBINE_HIDPI_IMAGES = YES;
				GCC_GENERATE_DEBUGGING_SYMBOLS = YES;
				GCC_INLINES_ARE_PRIVATE_EXTERN = NO;
				GCC_OPTIMIZATION_LEVEL = 0;
				GCC_PREPROCESSOR_DEFINITIONS = ("'CMAKE_INTDIR=\"$(CONFIGURATION)$(EFFECTIVE_PLATFORM_NAME)\"'");
				GCC_SYMBOLS_PRIVATE_EXTERN = NO;
				INSTALL_PATH = "";
				OTHER_LDFLAGS = ("");
				OTHER_REZFLAGS = "";
				PRODUCT_NAME = ALL_BUILD;
				SECTORDER_FLAGS = "";
				SYMROOT = /Users/bernardocohen/repos/numericalRecipes/cpp/Xcode;
				USE_HEADERMAP = NO;
				WARNING_CFLAGS = ("$(inherited)");
			};
			name = Debug;
		};
		F63A0E5A643943FA93CF2D2B /* RelWithDebInfo */ = {
			isa = XCBuildConfiguration;
			buildSettings = {
				ARCHS = "$(NATIVE_ARCH_ACTUAL)";
				ONLY_ACTIVE_ARCH = YES;
				SDKROOT = /Applications/Xcode.app/Contents/Developer/Platforms/MacOSX.platform/Developer/SDKs/MacOSX11.3.sdk;
				SYMROOT = /Users/bernardocohen/repos/numericalRecipes/cpp/Xcode/build;
			};
			name = RelWithDebInfo;
		};
/* End XCBuildConfiguration section */

/* Begin XCConfigurationList section */
		0D52562FDF514B7AB82520A5 /* Build configuration list for PBXNativeTarget "numRec" */ = {
			isa = XCConfigurationList;
			buildConfigurations = (
				E91FBD90B46A469CB816EBFD /* Debug */,
				6B1A74FADF7944A68F8C3CBA /* Release */,
				8BADB94B01A947A0BAFBB726 /* MinSizeRel */,
				92267EDFAF274FFD894A6E21 /* RelWithDebInfo */,
			);
			defaultConfigurationIsVisible = 0;
			defaultConfigurationName = Debug;
		};
		18C4F884B4D04EFFA1FE3FC0 /* Build configuration list for PBXProject "numRec" */ = {
			isa = XCConfigurationList;
			buildConfigurations = (
				372B06FBF36A4B58B25084FF /* Debug */,
				1878D381D52747328E502678 /* Release */,
				4EA2D4FD2E91494CAC31292C /* MinSizeRel */,
				F63A0E5A643943FA93CF2D2B /* RelWithDebInfo */,
			);
			defaultConfigurationIsVisible = 0;
			defaultConfigurationName = Debug;
		};
		B8452D757ACF429198E44C6C /* Build configuration list for PBXAggregateTarget "ZERO_CHECK" */ = {
			isa = XCConfigurationList;
			buildConfigurations = (
				1923875869E049759FAB9403 /* Debug */,
				86ABE0BED69744CCBB6238C0 /* Release */,
				23DE340EE88442E7916605F9 /* MinSizeRel */,
				C1F09C57E9EC4A51B0AD4B85 /* RelWithDebInfo */,
			);
			defaultConfigurationIsVisible = 0;
			defaultConfigurationName = Debug;
		};
		CC003C2357C54202862EBD0F /* Build configuration list for PBXAggregateTarget "ALL_BUILD" */ = {
			isa = XCConfigurationList;
			buildConfigurations = (
				E9AFD2E101A24AA98B3125B6 /* Debug */,
				15FEC28DC0A64CAE9C2FBAB3 /* Release */,
				2CF15124903543C0A4A2A475 /* MinSizeRel */,
				588C187CDCE44EC0B7DAE8B5 /* RelWithDebInfo */,
			);
			defaultConfigurationIsVisible = 0;
			defaultConfigurationName = Debug;
		};
		CCA2CF252B3E4BA1BA7C5584 /* Build configuration list for PBXAggregateTarget "install" */ = {
			isa = XCConfigurationList;
			buildConfigurations = (
				1EFCF3E44F3C4CBE939430FC /* Debug */,
				591B4D0BCC2240CA99FF0C40 /* Release */,
				AE9FDE7D70E0490796B42134 /* MinSizeRel */,
				BB21F983808B43B3ACF1B960 /* RelWithDebInfo */,
			);
			defaultConfigurationIsVisible = 0;
			defaultConfigurationName = Debug;
		};
/* End XCConfigurationList section */
	};
	rootObject = 598D6B172FC64D03A1CEF0E9 /* Project object */;
}
